
Microsoft Visual Studio Solution File, Format Version 12.00
# Visual Studio Version 17
VisualStudioVersion = 17.4.33110.190
MinimumVisualStudioVersion = 10.0.40219.1
Project("{FAE04EC0-301F-11D3-BF4B-00C04F79EFBC}") = "BlazorApp", "BlazorApp\BlazorApp.csproj", "{4395922A-F0D6-44B3-B0F5-CB1B48085856}"
EndProject
Global
	GlobalSection(SolutionConfigurationPlatforms) = preSolution
		Debug|Any CPU = Debug|Any CPU
		Release|Any CPU = Release|Any CPU
	EndGlobalSection
	GlobalSection(ProjectConfigurationPlatforms) = postSolution
		{4395922A-F0D6-44B3-B0F5-CB1B48085856}.Debug|Any CPU.ActiveCfg = Debug|Any CPU
		{4395922A-F0D6-44B3-B0F5-CB1B48085856}.Debug|Any CPU.Build.0 = Debug|Any CPU
		{4395922A-F0D6-44B3-B0F5-CB1B48085856}.Release|Any CPU.ActiveCfg = Release|Any CPU
		{4395922A-F0D6-44B3-B0F5-CB1B48085856}.Release|Any CPU.Build.0 = Release|Any CPU
	EndGlobalSection
	GlobalSection(SolutionProperties) = preSolution
		HideSolutionNode = FALSE
	EndGlobalSection
	GlobalSection(ExtensibilityGlobals) = postSolution
		SolutionGuid = {9C8560D4-8ADD-4421-A4B3-2343BA8022B4}
	EndGlobalSection
EndGlobal
